
Microsoft Visual Studio Solution File, Format Version 12.00
# Visual Studio Version 17
VisualStudioVersion = 17.11.35222.181
MinimumVisualStudioVersion = 10.0.40219.1
Project("{FAE04EC0-301F-11D3-BF4B-00C04F79EFBC}") = "DummyJson", "DummyJson.csproj", "{0976E683-6E24-410B-8C17-69BBADA289C7}"
EndProject
Global
	GlobalSection(SolutionConfigurationPlatforms) = preSolution
		Debug|Any CPU = Debug|Any CPU
		Release|Any CPU = Release|Any CPU
	EndGlobalSection
	GlobalSection(ProjectConfigurationPlatforms) = postSolution
		{0976E683-6E24-410B-8C17-69BBADA289C7}.Debug|Any CPU.ActiveCfg = Debug|Any CPU
		{0976E683-6E24-410B-8C17-69BBADA289C7}.Debug|Any CPU.Build.0 = Debug|Any CPU
		{0976E683-6E24-410B-8C17-69BBADA289C7}.Debug|Any CPU.Deploy.0 = Debug|Any CPU
		{0976E683-6E24-410B-8C17-69BBADA289C7}.Release|Any CPU.ActiveCfg = Release|Any CPU
		{0976E683-6E24-410B-8C17-69BBADA289C7}.Release|Any CPU.Build.0 = Release|Any CPU
		{0976E683-6E24-410B-8C17-69BBADA289C7}.Release|Any CPU.Deploy.0 = Release|Any CPU
	EndGlobalSection
	GlobalSection(SolutionProperties) = preSolution
		HideSolutionNode = FALSE
	EndGlobalSection
	GlobalSection(ExtensibilityGlobals) = postSolution
		SolutionGuid = {8626229A-A475-40C2-AA83-A0307B89FFAE}
	EndGlobalSection
EndGlobal
